{
  "name": "test",
  "lockfileVersion": 3,
  "requires": true,
  "packages": {
    "": {
      "dependencies": {
        "nepali-date-picker": "^2.0.2"
      }
    },
    "node_modules/jquery": {
      "version": "3.7.1",
      "resolved": "https://registry.npmjs.org/jquery/-/jquery-3.7.1.tgz",
      "integrity": "sha512-m4avr8yL8kmFN8psrbFFFmB/If14iN5o9nw/NgnnM+kybDJpRsAynV2BsfpTYrTRysYUdADVD7CkUUizgkpLfg==",
      "license": "MIT",
      "peer": true
    },
    "node_modules/nepali-date-picker": {
      "version": "2.0.2",
      "resolved": "https://registry.npmjs.org/nepali-date-picker/-/nepali-date-picker-2.0.2.tgz",
      "integrity": "sha512-mIeCs81c6kgh+ECwaBpI/G5odZfiZ5mQqAA7mzikntNtC1JM4Yu369y035RqGTyfphQxdVBWJGODksZjICmzLg==",
      "license": "ISC",
      "peerDependencies": {
        "jquery": ">= 1.11.1"
      }
    }
  }
}
